
Microsoft Visual Studio Solution File, Format Version 12.00
# Visual Studio Version 17
VisualStudioVersion = 17.8.34525.116
MinimumVisualStudioVersion = 10.0.40219.1
Project("{FAE04EC0-301F-11D3-BF4B-00C04F79EFBC}") = "Hayden_Cowart_Mission5", "Hayden_Cowart_Mission5\Hayden_Cowart_Mission5.csproj", "{FA7E4D7E-E0F6-4EB1-B4E8-F2C9862BD0C7}"
EndProject
Global
	GlobalSection(SolutionConfigurationPlatforms) = preSolution
		Debug|Any CPU = Debug|Any CPU
		Release|Any CPU = Release|Any CPU
	EndGlobalSection
	GlobalSection(ProjectConfigurationPlatforms) = postSolution
		{FA7E4D7E-E0F6-4EB1-B4E8-F2C9862BD0C7}.Debug|Any CPU.ActiveCfg = Debug|Any CPU
		{FA7E4D7E-E0F6-4EB1-B4E8-F2C9862BD0C7}.Debug|Any CPU.Build.0 = Debug|Any CPU
		{FA7E4D7E-E0F6-4EB1-B4E8-F2C9862BD0C7}.Release|Any CPU.ActiveCfg = Release|Any CPU
		{FA7E4D7E-E0F6-4EB1-B4E8-F2C9862BD0C7}.Release|Any CPU.Build.0 = Release|Any CPU
	EndGlobalSection
	GlobalSection(SolutionProperties) = preSolution
		HideSolutionNode = FALSE
	EndGlobalSection
	GlobalSection(ExtensibilityGlobals) = postSolution
		SolutionGuid = {49237E3C-D7D3-4759-ADD7-5091E7BD349A}
	EndGlobalSection
EndGlobal
